// !$*UTF8*$!
{
	archiveVersion = 1;
	classes = {
	};
	objectVersion = 46;
	objects = {

/* Begin PBXBuildFile section */
		E855A78819F705EC003EDDCA /* main.m in Sources */ = {isa = PBXBuildFile; fileRef = E855A78719F705EC003EDDCA /* main.m */; };
		E855A78B19F705EC003EDDCA /* AppDelegate.m in Sources */ = {isa = PBXBuildFile; fileRef = E855A78A19F705EC003EDDCA /* AppDelegate.m */; };
		E855A78E19F705EC003EDDCA /* ViewController.m in Sources */ = {isa = PBXBuildFile; fileRef = E855A78D19F705EC003EDDCA /* ViewController.m */; };
		E855A79119F705EC003EDDCA /* Main.storyboard in Resources */ = {isa = PBXBuildFile; fileRef = E855A78F19F705EC003EDDCA /* Main.storyboard */; };
		E855A79319F705EC003EDDCA /* Images.xcassets in Resources */ = {isa = PBXBuildFile; fileRef = E855A79219F705EC003EDDCA /* Images.xcassets */; };
		E855A79619F705EC003EDDCA /* LaunchScreen.xib in Resources */ = {isa = PBXBuildFile; fileRef = E855A79419F705EC003EDDCA /* LaunchScreen.xib */; };
		E855A7A219F705EC003EDDCA /* CLKTooltipDemoTests.m in Sources */ = {isa = PBXBuildFile; fileRef = E855A7A119F705EC003EDDCA /* CLKTooltipDemoTests.m */; };
/* End PBXBuildFile section */

/* Begin PBXContainerItemProxy section */
		E855A79C19F705EC003EDDCA /* PBXContainerItemProxy */ = {
			isa = PBXContainerItemProxy;
			containerPortal = E855A77A19F705EC003EDDCA /* Project object */;
			proxyType = 1;
			remoteGlobalIDString = E855A78119F705EC003EDDCA;
			remoteInfo = CLKTooltipDemo;
		};
/* End PBXContainerItemProxy section */

/* Begin PBXFileReference section */
		E855A78219F705EC003EDDCA /* CLKTooltipDemo.app */ = {isa = PBXFileReference; explicitFileType = wrapper.application; includeInIndex = 0; path = CLKTooltipDemo.app; sourceTree = BUILT_PRODUCTS_DIR; };
		E855A78619F705EC003EDDCA /* Info.plist */ = {isa = PBXFileReference; lastKnownFileType = text.plist.xml; path = Info.plist; sourceTree = "<group>"; };
		E855A78719F705EC003EDDCA /* main.m */ = {isa = PBXFileReference; lastKnownFileType = sourcecode.c.objc; path = main.m; sourceTree = "<group>"; };
		E855A78919F705EC003EDDCA /* AppDelegate.h */ = {isa = PBXFileReference; lastKnownFileType = sourcecode.c.h; path = AppDelegate.h; sourceTree = "<group>"; };
		E855A78A19F705EC003EDDCA /* AppDelegate.m */ = {isa = PBXFileReference; lastKnownFileType = sourcecode.c.objc; path = AppDelegate.m; sourceTree = "<group>"; };
		E855A78C19F705EC003EDDCA /* ViewController.h */ = {isa = PBXFileReference; lastKnownFileType = sourcecode.c.h; path = ViewController.h; sourceTree = "<group>"; };
		E855A78D19F705EC003EDDCA /* ViewController.m */ = {isa = PBXFileReference; lastKnownFileType = sourcecode.c.objc; path = ViewController.m; sourceTree = "<group>"; };
		E855A79019F705EC003EDDCA /* Base */ = {isa = PBXFileReference; lastKnownFileType = file.storyboard; name = Base; path = Base.lproj/Main.storyboard; sourceTree = "<group>"; };
		E855A79219F705EC003EDDCA /* Images.xcassets */ = {isa = PBXFileReference; lastKnownFileType = folder.assetcatalog; path = Images.xcassets; sourceTree = "<group>"; };
		E855A79519F705EC003EDDCA /* Base */ = {isa = PBXFileReference; lastKnownFileType = file.xib; name = Base; path = Base.lproj/LaunchScreen.xib; sourceTree = "<group>"; };
		E855A79B19F705EC003EDDCA /* CLKTooltipDemoTests.xctest */ = {isa = PBXFileReference; explicitFileType = wrapper.cfbundle; includeInIndex = 0; path = CLKTooltipDemoTests.xctest; sourceTree = BUILT_PRODUCTS_DIR; };
		E855A7A019F705EC003EDDCA /* Info.plist */ = {isa = PBXFileReference; lastKnownFileType = text.plist.xml; path = Info.plist; sourceTree = "<group>"; };
		E855A7A119F705EC003EDDCA /* CLKTooltipDemoTests.m */ = {isa = PBXFileReference; lastKnownFileType = sourcecode.c.objc; path = CLKTooltipDemoTests.m; sourceTree = "<group>"; };
/* End PBXFileReference section */

/* Begin PBXFrameworksBuildPhase section */
		E855A77F19F705EC003EDDCA /* Frameworks */ = {
			isa = PBXFrameworksBuildPhase;
			buildActionMask = 2147483647;
			files = (
			);
			runOnlyForDeploymentPostprocessing = 0;
		};
		E855A79819F705EC003EDDCA /* Frameworks */ = {
			isa = PBXFrameworksBuildPhase;
			buildActionMask = 2147483647;
			files = (
			);
			runOnlyForDeploymentPostprocessing = 0;
		};
/* End PBXFrameworksBuildPhase section */

/* Begin PBXGroup section */
		E855A77919F705EC003EDDCA = {
			isa = PBXGroup;
			children = (
				E855A78419F705EC003EDDCA /* CLKTooltipDemo */,
				E855A79E19F705EC003EDDCA /* CLKTooltipDemoTests */,
				E855A78319F705EC003EDDCA /* Products */,
			);
			sourceTree = "<group>";
		};
		E855A78319F705EC003EDDCA /* Products */ = {
			isa = PBXGroup;
			children = (
				E855A78219F705EC003EDDCA /* CLKTooltipDemo.app */,
				E855A79B19F705EC003EDDCA /* CLKTooltipDemoTests.xctest */,
			);
			name = Products;
			sourceTree = "<group>";
		};
		E855A78419F705EC003EDDCA /* CLKTooltipDemo */ = {
			isa = PBXGroup;
			children = (
				E855A78919F705EC003EDDCA /* AppDelegate.h */,
				E855A78A19F705EC003EDDCA /* AppDelegate.m */,
				E855A78C19F705EC003EDDCA /* ViewController.h */,
				E855A78D19F705EC003EDDCA /* ViewController.m */,
				E855A78F19F705EC003EDDCA /* Main.storyboard */,
				E855A79219F705EC003EDDCA /* Images.xcassets */,
				E855A79419F705EC003EDDCA /* LaunchScreen.xib */,
				E855A78519F705EC003EDDCA /* Supporting Files */,
			);
			path = CLKTooltipDemo;
			sourceTree = "<group>";
		};
		E855A78519F705EC003EDDCA /* Supporting Files */ = {
			isa = PBXGroup;
			children = (
				E855A78619F705EC003EDDCA /* Info.plist */,
				E855A78719F705EC003EDDCA /* main.m */,
			);
			name = "Supporting Files";
			sourceTree = "<group>";
		};
		E855A79E19F705EC003EDDCA /* CLKTooltipDemoTests */ = {
			isa = PBXGroup;
			children = (
				E855A7A119F705EC003EDDCA /* CLKTooltipDemoTests.m */,
				E855A79F19F705EC003EDDCA /* Supporting Files */,
			);
			path = CLKTooltipDemoTests;
			sourceTree = "<group>";
		};
		E855A79F19F705EC003EDDCA /* Supporting Files */ = {
			isa = PBXGroup;
			children = (
				E855A7A019F705EC003EDDCA /* Info.plist */,
			);
			name = "Supporting Files";
			sourceTree = "<group>";
		};
/* End PBXGroup section */

/* Begin PBXNativeTarget section */
		E855A78119F705EC003EDDCA /* CLKTooltipDemo */ = {
			isa = PBXNativeTarget;
			buildConfigurationList = E855A7A519F705EC003EDDCA /* Build configuration list for PBXNativeTarget "CLKTooltipDemo" */;
			buildPhases = (
				E855A77E19F705EC003EDDCA /* Sources */,
				E855A77F19F705EC003EDDCA /* Frameworks */,
				E855A78019F705EC003EDDCA /* Resources */,
			);
			buildRules = (
			);
			dependencies = (
			);
			name = CLKTooltipDemo;
			productName = CLKTooltipDemo;
			productReference = E855A78219F705EC003EDDCA /* CLKTooltipDemo.app */;
			productType = "com.apple.product-type.application";
		};
		E855A79A19F705EC003EDDCA /* CLKTooltipDemoTests */ = {
			isa = PBXNativeTarget;
			buildConfigurationList = E855A7A819F705EC003EDDCA /* Build configuration list for PBXNativeTarget "CLKTooltipDemoTests" */;
			buildPhases = (
				E855A79719F705EC003EDDCA /* Sources */,
				E855A79819F705EC003EDDCA /* Frameworks */,
				E855A79919F705EC003EDDCA /* Resources */,
			);
			buildRules = (
			);
			dependencies = (
				E855A79D19F705EC003EDDCA /* PBXTargetDependency */,
			);
			name = CLKTooltipDemoTests;
			productName = CLKTooltipDemoTests;
			productReference = E855A79B19F705EC003EDDCA /* CLKTooltipDemoTests.xctest */;
			productType = "com.apple.product-type.bundle.unit-test";
		};
/* End PBXNativeTarget section */

/* Begin PBXProject section */
		E855A77A19F705EC003EDDCA /* Project object */ = {
			isa = PBXProject;
			attributes = {
				LastUpgradeCheck = 0600;
				ORGANIZATIONNAME = Clinkle;
				TargetAttributes = {
					E855A78119F705EC003EDDCA = {
						CreatedOnToolsVersion = 6.0;
					};
					E855A79A19F705EC003EDDCA = {
						CreatedOnToolsVersion = 6.0;
						TestTargetID = E855A78119F705EC003EDDCA;
					};
				};
			};
			buildConfigurationList = E855A77D19F705EC003EDDCA /* Build configuration list for PBXProject "CLKTooltipDemo" */;
			compatibilityVersion = "Xcode 3.2";
			developmentRegion = English;
			hasScannedForEncodings = 0;
			knownRegions = (
				en,
				Base,
			);
			mainGroup = E855A77919F705EC003EDDCA;
			productRefGroup = E855A78319F705EC003EDDCA /* Products */;
			projectDirPath = "";
			projectRoot = "";
			targets = (
				E855A78119F705EC003EDDCA /* CLKTooltipDemo */,
				E855A79A19F705EC003EDDCA /* CLKTooltipDemoTests */,
			);
		};
/* End PBXProject section */

/* Begin PBXResourcesBuildPhase section */
		E855A78019F705EC003EDDCA /* Resources */ = {
			isa = PBXResourcesBuildPhase;
			buildActionMask = 2147483647;
			files = (
				E855A79119F705EC003EDDCA /* Main.storyboard in Resources */,
				E855A79619F705EC003EDDCA /* LaunchScreen.xib in Resources */,
				E855A79319F705EC003EDDCA /* Images.xcassets in Resources */,
			);
			runOnlyForDeploymentPostprocessing = 0;
		};
		E855A79919F705EC003EDDCA /* Resources */ = {
			isa = PBXResourcesBuildPhase;
			buildActionMask = 2147483647;
			files = (
			);
			runOnlyForDeploymentPostprocessing = 0;
		};
/* End PBXResourcesBuildPhase section */

/* Begin PBXSourcesBuildPhase section */
		E855A77E19F705EC003EDDCA /* Sources */ = {
			isa = PBXSourcesBuildPhase;
			buildActionMask = 2147483647;
			files = (
				E855A78E19F705EC003EDDCA /* ViewController.m in Sources */,
				E855A78B19F705EC003EDDCA /* AppDelegate.m in Sources */,
				E855A78819F705EC003EDDCA /* main.m in Sources */,
			);
			runOnlyForDeploymentPostprocessing = 0;
		};
		E855A79719F705EC003EDDCA /* Sources */ = {
			isa = PBXSourcesBuildPhase;
			buildActionMask = 2147483647;
			files = (
				E855A7A219F705EC003EDDCA /* CLKTooltipDemoTests.m in Sources */,
			);
			runOnlyForDeploymentPostprocessing = 0;
		};
/* End PBXSourcesBuildPhase section */

/* Begin PBXTargetDependency section */
		E855A79D19F705EC003EDDCA /* PBXTargetDependency */ = {
			isa = PBXTargetDependency;
			target = E855A78119F705EC003EDDCA /* CLKTooltipDemo */;
			targetProxy = E855A79C19F705EC003EDDCA /* PBXContainerItemProxy */;
		};
/* End PBXTargetDependency section */

/* Begin PBXVariantGroup section */
		E855A78F19F705EC003EDDCA /* Main.storyboard */ = {
			isa = PBXVariantGroup;
			children = (
				E855A79019F705EC003EDDCA /* Base */,
			);
			name = Main.storyboard;
			sourceTree = "<group>";
		};
		E855A79419F705EC003EDDCA /* LaunchScreen.xib */ = {
			isa = PBXVariantGroup;
			children = (
				E855A79519F705EC003EDDCA /* Base */,
			);
			name = LaunchScreen.xib;
			sourceTree = "<group>";
		};
/* End PBXVariantGroup section */

/* Begin XCBuildConfiguration section */
		E855A7A319F705EC003EDDCA /* Debug */ = {
			isa = XCBuildConfiguration;
			buildSettings = {
				ALWAYS_SEARCH_USER_PATHS = NO;
				CLANG_CXX_LANGUAGE_STANDARD = "gnu++0x";
				CLANG_CXX_LIBRARY = "libc++";
				CLANG_ENABLE_MODULES = YES;
				CLANG_ENABLE_OBJC_ARC = YES;
				CLANG_WARN_BOOL_CONVERSION = YES;
				CLANG_WARN_CONSTANT_CONVERSION = YES;
				CLANG_WARN_DIRECT_OBJC_ISA_USAGE = YES_ERROR;
				CLANG_WARN_EMPTY_BODY = YES;
				CLANG_WARN_ENUM_CONVERSION = YES;
				CLANG_WARN_INT_CONVERSION = YES;
				CLANG_WARN_OBJC_ROOT_CLASS = YES_ERROR;
				CLANG_WARN_UNREACHABLE_CODE = YES;
				CLANG_WARN__DUPLICATE_METHOD_MATCH = YES;
				"CODE_SIGN_IDENTITY[sdk=iphoneos*]" = "iPhone Developer";
				COPY_PHASE_STRIP = NO;
				ENABLE_STRICT_OBJC_MSGSEND = YES;
				GCC_C_LANGUAGE_STANDARD = gnu99;
				GCC_DYNAMIC_NO_PIC = NO;
				GCC_OPTIMIZATION_LEVEL = 0;
				GCC_PREPROCESSOR_DEFINITIONS = (
					"DEBUG=1",
					"$(inherited)",
				);
				GCC_SYMBOLS_PRIVATE_EXTERN = NO;
				GCC_WARN_64_TO_32_BIT_CONVERSION = YES;
				GCC_WARN_ABOUT_RETURN_TYPE = YES_ERROR;
				GCC_WARN_UNDECLARED_SELECTOR = YES;
				GCC_WARN_UNINITIALIZED_AUTOS = YES_AGGRESSIVE;
				GCC_WARN_UNUSED_FUNCTION = YES;
				GCC_WARN_UNUSED_VARIABLE = YES;
				IPHONEOS_DEPLOYMENT_TARGET = 8.0;
				MTL_ENABLE_DEBUG_INFO = YES;
				ONLY_ACTIVE_ARCH = YES;
				SDKROOT = iphoneos;
				TARGETED_DEVICE_FAMILY = "1,2";
			};
			name = Debug;
		};
		E855A7A419F705EC003EDDCA /* Release */ = {
			isa = XCBuildConfiguration;
			buildSettings = {
				ALWAYS_SEARCH_USER_PATHS = NO;
				CLANG_CXX_LANGUAGE_STANDARD = "gnu++0x";
				CLANG_CXX_LIBRARY = "libc++";
				CLANG_ENABLE_MODULES = YES;
				CLANG_ENABLE_OBJC_ARC = YES;
				CLANG_WARN_BOOL_CONVERSION = YES;
				CLANG_WARN_CONSTANT_CONVERSION = YES;
				CLANG_WARN_DIRECT_OBJC_ISA_USAGE = YES_ERROR;
				CLANG_WARN_EMPTY_BODY = YES;
				CLANG_WARN_ENUM_CONVERSION = YES;
				CLANG_WARN_INT_CONVERSION = YES;
				CLANG_WARN_OBJC_ROOT_CLASS = YES_ERROR;
				CLANG_WARN_UNREACHABLE_CODE = YES;
				CLANG_WARN__DUPLICATE_METHOD_MATCH = YES;
				"CODE_SIGN_IDENTITY[sdk=iphoneos*]" = "iPhone Developer";
				COPY_PHASE_STRIP = YES;
				ENABLE_NS_ASSERTIONS = NO;
				ENABLE_STRICT_OBJC_MSGSEND = YES;
				GCC_C_LANGUAGE_STANDARD = gnu99;
				GCC_WARN_64_TO_32_BIT_CONVERSION = YES;
				GCC_WARN_ABOUT_RETURN_TYPE = YES_ERROR;
				GCC_WARN_UNDECLARED_SELECTOR = YES;
				GCC_WARN_UNINITIALIZED_AUTOS = YES_AGGRESSIVE;
				GCC_WARN_UNUSED_FUNCTION = YES;
				GCC_WARN_UNUSED_VARIABLE = YES;
				IPHONEOS_DEPLOYMENT_TARGET = 8.0;
				MTL_ENABLE_DEBUG_INFO = NO;
				SDKROOT = iphoneos;
				TARGETED_DEVICE_FAMILY = "1,2";
				VALIDATE_PRODUCT = YES;
			};
			name = Release;
		};
		E855A7A619F705EC003EDDCA /* Debug */ = {
			isa = XCBuildConfiguration;
			buildSettings = {
				ASSETCATALOG_COMPILER_APPICON_NAME = AppIcon;
				INFOPLIST_FILE = CLKTooltipDemo/Info.plist;
				LD_RUNPATH_SEARCH_PATHS = "$(inherited) @executable_path/Frameworks";
				PRODUCT_NAME = "$(TARGET_NAME)";
			};
			name = Debug;
		};
		E855A7A719F705EC003EDDCA /* Release */ = {
			isa = XCBuildConfiguration;
			buildSettings = {
				ASSETCATALOG_COMPILER_APPICON_NAME = AppIcon;
				INFOPLIST_FILE = CLKTooltipDemo/Info.plist;
				LD_RUNPATH_SEARCH_PATHS = "$(inherited) @executable_path/Frameworks";
				PRODUCT_NAME = "$(TARGET_NAME)";
			};
			name = Release;
		};
		E855A7A919F705EC003EDDCA /* Debug */ = {
			isa = XCBuildConfiguration;
			buildSettings = {
				BUNDLE_LOADER = "$(TEST_HOST)";
				FRAMEWORK_SEARCH_PATHS = (
					"$(SDKROOT)/Developer/Library/Frameworks",
					"$(inherited)",
				);
				GCC_PREPROCESSOR_DEFINITIONS = (
					"DEBUG=1",
					"$(inherited)",
				);
				INFOPLIST_FILE = CLKTooltipDemoTests/Info.plist;
				LD_RUNPATH_SEARCH_PATHS = "$(inherited) @executable_path/Frameworks @loader_path/Frameworks";
				PRODUCT_NAME = "$(TARGET_NAME)";
				TEST_HOST = "$(BUILT_PRODUCTS_DIR)/CLKTooltipDemo.app/CLKTooltipDemo";
			};
			name = Debug;
		};
		E855A7AA19F705EC003EDDCA /* Release */ = {
			isa = XCBuildConfiguration;
			buildSettings = {
				BUNDLE_LOADER = "$(TEST_HOST)";
				FRAMEWORK_SEARCH_PATHS = (
					"$(SDKROOT)/Developer/Library/Frameworks",
					"$(inherited)",
				);
				INFOPLIST_FILE = CLKTooltipDemoTests/Info.plist;
				LD_RUNPATH_SEARCH_PATHS = "$(inherited) @executable_path/Frameworks @loader_path/Frameworks";
				PRODUCT_NAME = "$(TARGET_NAME)";
				TEST_HOST = "$(BUILT_PRODUCTS_DIR)/CLKTooltipDemo.app/CLKTooltipDemo";
			};
			name = Release;
		};
/* End XCBuildConfiguration section */

/* Begin XCConfigurationList section */
		E855A77D19F705EC003EDDCA /* Build configuration list for PBXProject "CLKTooltipDemo" */ = {
			isa = XCConfigurationList;
			buildConfigurations = (
				E855A7A319F705EC003EDDCA /* Debug */,
				E855A7A419F705EC003EDDCA /* Release */,
			);
			defaultConfigurationIsVisible = 0;
			defaultConfigurationName = Release;
		};
		E855A7A519F705EC003EDDCA /* Build configuration list for PBXNativeTarget "CLKTooltipDemo" */ = {
			isa = XCConfigurationList;
			buildConfigurations = (
				E855A7A619F705EC003EDDCA /* Debug */,
				E855A7A719F705EC003EDDCA /* Release */,
			);
			defaultConfigurationIsVisible = 0;
		};
		E855A7A819F705EC003EDDCA /* Build configuration list for PBXNativeTarget "CLKTooltipDemoTests" */ = {
			isa = XCConfigurationList;
			buildConfigurations = (
				E855A7A919F705EC003EDDCA /* Debug */,
				E855A7AA19F705EC003EDDCA /* Release */,
			);
			defaultConfigurationIsVisible = 0;
		};
/* End XCConfigurationList section */
	};
	rootObject = E855A77A19F705EC003EDDCA /* Project object */;
}
